Microsoft Visual Studio Solution File, Format Version 12.00
# Visual Studio 2012
Project("{FAE04EC0-301F-11D3-BF4B-00C04F79EFBC}") = "DTEK-2074", "DTEK-2074.csproj", "{635CF729-5111-4C41-A710-B51F6C29ADFB}"
EndProject
Global
	GlobalSection(SolutionConfigurationPlatforms) = preSolution
	Debug|Any CPU = Debug|Any CPU
	ExportDebug|Any CPU = ExportDebug|Any CPU
	ExportRelease|Any CPU = ExportRelease|Any CPU
	EndGlobalSection
	GlobalSection(ProjectConfigurationPlatforms) = postSolution
		{635CF729-5111-4C41-A710-B51F6C29ADFB}.Debug|Any CPU.ActiveCfg = Debug|Any CPU
		{635CF729-5111-4C41-A710-B51F6C29ADFB}.Debug|Any CPU.Build.0 = Debug|Any CPU
		{635CF729-5111-4C41-A710-B51F6C29ADFB}.ExportDebug|Any CPU.ActiveCfg = ExportDebug|Any CPU
		{635CF729-5111-4C41-A710-B51F6C29ADFB}.ExportDebug|Any CPU.Build.0 = ExportDebug|Any CPU
		{635CF729-5111-4C41-A710-B51F6C29ADFB}.ExportRelease|Any CPU.ActiveCfg = ExportRelease|Any CPU
		{635CF729-5111-4C41-A710-B51F6C29ADFB}.ExportRelease|Any CPU.Build.0 = ExportRelease|Any CPU
	EndGlobalSection
EndGlobal
